
Microsoft Visual Studio Solution File, Format Version 12.00
# Visual Studio 15
VisualStudioVersion = 15.0.27004.2005
MinimumVisualStudioVersion = 10.0.40219.1
Project("{9A19103F-16F7-4668-BE54-9A1E7A4F7556}") = "SqlNado", "SqlNado\SqlNado.csproj", "{ED748985-55BB-4753-B0A6-EA7CAF31CD07}"
EndProject
Project("{9A19103F-16F7-4668-BE54-9A1E7A4F7556}") = "SqlNado.Temp", "SqlNado.Temp\SqlNado.Temp.csproj", "{2B29E052-B7CE-477C-9A4F-D4AA8E9B981A}"
EndProject
Project("{9A19103F-16F7-4668-BE54-9A1E7A4F7556}") = "SqlNado.Cli", "SqlNado.Cli\SqlNado.Cli.csproj", "{D184B8AF-6BC4-4E8E-9BE5-F4519374F04B}"
EndProject
Project("{9A19103F-16F7-4668-BE54-9A1E7A4F7556}") = "SqlNado.Tests", "SqlNado.Tests\SqlNado.Tests.csproj", "{48CADD57-A74C-45CA-B727-801CD00A9C5C}"
EndProject
Global
	GlobalSection(SolutionConfigurationPlatforms) = preSolution
		Debug|Any CPU = Debug|Any CPU
		Release|Any CPU = Release|Any CPU
	EndGlobalSection
	GlobalSection(ProjectConfigurationPlatforms) = postSolution
		{ED748985-55BB-4753-B0A6-EA7CAF31CD07}.Debug|Any CPU.ActiveCfg = Debug|Any CPU
		{ED748985-55BB-4753-B0A6-EA7CAF31CD07}.Debug|Any CPU.Build.0 = Debug|Any CPU
		{ED748985-55BB-4753-B0A6-EA7CAF31CD07}.Release|Any CPU.ActiveCfg = Release|Any CPU
		{ED748985-55BB-4753-B0A6-EA7CAF31CD07}.Release|Any CPU.Build.0 = Release|Any CPU
		{2B29E052-B7CE-477C-9A4F-D4AA8E9B981A}.Debug|Any CPU.ActiveCfg = Debug|Any CPU
		{2B29E052-B7CE-477C-9A4F-D4AA8E9B981A}.Debug|Any CPU.Build.0 = Debug|Any CPU
		{2B29E052-B7CE-477C-9A4F-D4AA8E9B981A}.Release|Any CPU.ActiveCfg = Release|Any CPU
		{2B29E052-B7CE-477C-9A4F-D4AA8E9B981A}.Release|Any CPU.Build.0 = Release|Any CPU
		{D184B8AF-6BC4-4E8E-9BE5-F4519374F04B}.Debug|Any CPU.ActiveCfg = Debug|Any CPU
		{D184B8AF-6BC4-4E8E-9BE5-F4519374F04B}.Debug|Any CPU.Build.0 = Debug|Any CPU
		{D184B8AF-6BC4-4E8E-9BE5-F4519374F04B}.Release|Any CPU.ActiveCfg = Release|Any CPU
		{D184B8AF-6BC4-4E8E-9BE5-F4519374F04B}.Release|Any CPU.Build.0 = Release|Any CPU
		{48CADD57-A74C-45CA-B727-801CD00A9C5C}.Debug|Any CPU.ActiveCfg = Debug|Any CPU
		{48CADD57-A74C-45CA-B727-801CD00A9C5C}.Debug|Any CPU.Build.0 = Debug|Any CPU
		{48CADD57-A74C-45CA-B727-801CD00A9C5C}.Release|Any CPU.ActiveCfg = Release|Any CPU
		{48CADD57-A74C-45CA-B727-801CD00A9C5C}.Release|Any CPU.Build.0 = Release|Any CPU
	EndGlobalSection
	GlobalSection(SolutionProperties) = preSolution
		HideSolutionNode = FALSE
	EndGlobalSection
	GlobalSection(ExtensibilityGlobals) = postSolution
		SolutionGuid = {8B6C790C-FD96-458E-8318-A8427C90B775}
	EndGlobalSection
EndGlobal
